
Microsoft Visual Studio Solution File, Format Version 12.00
# Visual Studio Version 17
VisualStudioVersion = 17.5.33502.453
MinimumVisualStudioVersion = 10.0.40219.1
Project("{FAE04EC0-301F-11D3-BF4B-00C04F79EFBC}") = "ContentManagementSystem", "ContentManagementSystem\ContentManagementSystem.csproj", "{D5A534CA-B803-4533-B5C9-D3B93D75FB9C}"
EndProject
Global
	GlobalSection(SolutionConfigurationPlatforms) = preSolution
		Debug|Any CPU = Debug|Any CPU
		Release|Any CPU = Release|Any CPU
	EndGlobalSection
	GlobalSection(ProjectConfigurationPlatforms) = postSolution
		{D5A534CA-B803-4533-B5C9-D3B93D75FB9C}.Debug|Any CPU.ActiveCfg = Debug|Any CPU
		{D5A534CA-B803-4533-B5C9-D3B93D75FB9C}.Debug|Any CPU.Build.0 = Debug|Any CPU
		{D5A534CA-B803-4533-B5C9-D3B93D75FB9C}.Release|Any CPU.ActiveCfg = Release|Any CPU
		{D5A534CA-B803-4533-B5C9-D3B93D75FB9C}.Release|Any CPU.Build.0 = Release|Any CPU
	EndGlobalSection
	GlobalSection(SolutionProperties) = preSolution
		HideSolutionNode = FALSE
	EndGlobalSection
	GlobalSection(ExtensibilityGlobals) = postSolution
		SolutionGuid = {8FB45493-6EC8-414D-B3FC-EA6C964CA53B}
	EndGlobalSection
EndGlobal
